
Microsoft Visual Studio Solution File, Format Version 12.00
# Visual Studio Version 16
VisualStudioVersion = 16.0.30406.217
MinimumVisualStudioVersion = 10.0.40219.1
Project("{FAE04EC0-301F-11D3-BF4B-00C04F79EFBC}") = "Test", "Test\Test.csproj", "{58658767-8264-4189-B7F8-E89BABDE3EB2}"
EndProject
Project("{FAE04EC0-301F-11D3-BF4B-00C04F79EFBC}") = "Model", "Model\Model.csproj", "{D1DA0CD7-5420-4790-AAA4-A89060EF2171}"
EndProject
Project("{FAE04EC0-301F-11D3-BF4B-00C04F79EFBC}") = "Service", "Service\Service.csproj", "{AFF4631B-E855-4348-914F-15F409A3D16F}"
EndProject
Global
	GlobalSection(SolutionConfigurationPlatforms) = preSolution
		Debug|Any CPU = Debug|Any CPU
		Release|Any CPU = Release|Any CPU
	EndGlobalSection
	GlobalSection(ProjectConfigurationPlatforms) = postSolution
		{58658767-8264-4189-B7F8-E89BABDE3EB2}.Debug|Any CPU.ActiveCfg = Debug|Any CPU
		{58658767-8264-4189-B7F8-E89BABDE3EB2}.Debug|Any CPU.Build.0 = Debug|Any CPU
		{58658767-8264-4189-B7F8-E89BABDE3EB2}.Release|Any CPU.ActiveCfg = Release|Any CPU
		{58658767-8264-4189-B7F8-E89BABDE3EB2}.Release|Any CPU.Build.0 = Release|Any CPU
		{D1DA0CD7-5420-4790-AAA4-A89060EF2171}.Debug|Any CPU.ActiveCfg = Debug|Any CPU
		{D1DA0CD7-5420-4790-AAA4-A89060EF2171}.Debug|Any CPU.Build.0 = Debug|Any CPU
		{D1DA0CD7-5420-4790-AAA4-A89060EF2171}.Release|Any CPU.ActiveCfg = Release|Any CPU
		{D1DA0CD7-5420-4790-AAA4-A89060EF2171}.Release|Any CPU.Build.0 = Release|Any CPU
		{AFF4631B-E855-4348-914F-15F409A3D16F}.Debug|Any CPU.ActiveCfg = Debug|Any CPU
		{AFF4631B-E855-4348-914F-15F409A3D16F}.Debug|Any CPU.Build.0 = Debug|Any CPU
		{AFF4631B-E855-4348-914F-15F409A3D16F}.Release|Any CPU.ActiveCfg = Release|Any CPU
		{AFF4631B-E855-4348-914F-15F409A3D16F}.Release|Any CPU.Build.0 = Release|Any CPU
	EndGlobalSection
	GlobalSection(SolutionProperties) = preSolution
		HideSolutionNode = FALSE
	EndGlobalSection
	GlobalSection(ExtensibilityGlobals) = postSolution
		SolutionGuid = {18F0E139-06C6-4878-976B-59756D2CE60D}
	EndGlobalSection
EndGlobal
